
Microsoft Visual Studio Solution File, Format Version 12.00
Project("{FAE04EC0-301F-11D3-BF4B-00C04F79EFBC}") = "AzureDevOps.Logger", "AzureDevOps.Logger\AzureDevOps.Logger.csproj", "{31539674-920C-43D9-9838-BD0B25A5FD8F}"
EndProject
Project("{FAE04EC0-301F-11D3-BF4B-00C04F79EFBC}") = "AzureDevOps.Logger.Tests", "AzureDevOps.Logger.Tests\AzureDevOps.Logger.Tests.csproj", "{5C2F87D4-D293-4BF2-B498-C07FF37E8B65}"
EndProject
Project("{FAE04EC0-301F-11D3-BF4B-00C04F79EFBC}") = "AzureDevOps.Logger.Sample", "..\examples\AzureDevOps.Logger.Sample\AzureDevOps.Logger.Sample.csproj", "{AEB584B3-7D00-43EA-86DB-7DCD4661BD4D}"
EndProject
Project("{2150E333-8FDC-42A3-9474-1A3956D46DE8}") = "example", "example", "{07BC9F67-D23F-4062-9A66-A4E966D49C7F}"
EndProject
Global
	GlobalSection(SolutionConfigurationPlatforms) = preSolution
		Debug|Any CPU = Debug|Any CPU
		Release|Any CPU = Release|Any CPU
	EndGlobalSection
	GlobalSection(ProjectConfigurationPlatforms) = postSolution
		{31539674-920C-43D9-9838-BD0B25A5FD8F}.Debug|Any CPU.ActiveCfg = Debug|Any CPU
		{31539674-920C-43D9-9838-BD0B25A5FD8F}.Debug|Any CPU.Build.0 = Debug|Any CPU
		{31539674-920C-43D9-9838-BD0B25A5FD8F}.Release|Any CPU.ActiveCfg = Release|Any CPU
		{31539674-920C-43D9-9838-BD0B25A5FD8F}.Release|Any CPU.Build.0 = Release|Any CPU
		{5C2F87D4-D293-4BF2-B498-C07FF37E8B65}.Debug|Any CPU.ActiveCfg = Debug|Any CPU
		{5C2F87D4-D293-4BF2-B498-C07FF37E8B65}.Debug|Any CPU.Build.0 = Debug|Any CPU
		{5C2F87D4-D293-4BF2-B498-C07FF37E8B65}.Release|Any CPU.ActiveCfg = Release|Any CPU
		{5C2F87D4-D293-4BF2-B498-C07FF37E8B65}.Release|Any CPU.Build.0 = Release|Any CPU
		{AEB584B3-7D00-43EA-86DB-7DCD4661BD4D}.Debug|Any CPU.ActiveCfg = Debug|Any CPU
		{AEB584B3-7D00-43EA-86DB-7DCD4661BD4D}.Debug|Any CPU.Build.0 = Debug|Any CPU
		{AEB584B3-7D00-43EA-86DB-7DCD4661BD4D}.Release|Any CPU.ActiveCfg = Release|Any CPU
		{AEB584B3-7D00-43EA-86DB-7DCD4661BD4D}.Release|Any CPU.Build.0 = Release|Any CPU
	EndGlobalSection
	GlobalSection(NestedProjects) = preSolution
		{AEB584B3-7D00-43EA-86DB-7DCD4661BD4D} = {07BC9F67-D23F-4062-9A66-A4E966D49C7F}
	EndGlobalSection
EndGlobal
